<?xml version="1.0" encoding="utf-8"?>
<Project ToolsVersion="4.0" xmlns="http://schemas.microsoft.com/developer/msbuild/2003">
  <ItemGroup>
    <Filter Include="Sources">
      <UniqueIdentifier>{4FC737F1-C7A5-4376-A066-2A32D752A2FF}</UniqueIdentifier>
      <Extensions>cpp;c;cc;cxx;def;odl;idl;hpj;bat;asm;asmx</Extensions>
    </Filter>
    <Filter Include="imgui">
      <UniqueIdentifier>{5d2ed881-4062-49d0-a1ce-86240074d016}</UniqueIdentifier>
    </Filter>
    <Filter Include="HLSL">
      <UniqueIdentifier>{9f64f4ff-d9e0-43d7-88e1-13e6d3656a89}</UniqueIdentifier>
      <Extensions>hlsl;hlsli</Extensions>
    </Filter>
    <Filter Include="HLSL\DebugPrimitive">
      <UniqueIdentifier>{ab70409f-d16a-47df-b32d-e578def26a98}</UniqueIdentifier>
    </Filter>
    <Filter Include="HLSL\Font">
      <UniqueIdentifier>{fb12541d-828b-4a91-b4c2-f59460602240}</UniqueIdentifier>
    </Filter>
    <Filter Include="HLSL\2D">
      <UniqueIdentifier>{63752506-20f8-4f13-b370-da9b92c997bc}</UniqueIdentifier>
    </Filter>
    <Filter Include="HLSL\2D\Default2D">
      <UniqueIdentifier>{40b0c6b0-97ac-420c-8514-a9213060ab07}</UniqueIdentifier>
    </Filter>
    <Filter Include="Sources\Scene">
      <UniqueIdentifier>{0bc8458c-424b-4575-9b04-40524334c3b0}</UniqueIdentifier>
    </Filter>
    <Filter Include="Sources\System">
      <UniqueIdentifier>{e484b136-68b7-42c0-aacb-f54dbab8e295}</UniqueIdentifier>
    </Filter>
    <Filter Include="Sources\GameObject">
      <UniqueIdentifier>{51eb0806-e50e-4fcd-ab1b-3c4d1dcd9e52}</UniqueIdentifier>
    </Filter>
    <Filter Include="Sources\Component">
      <UniqueIdentifier>{f29bc641-50e2-4ae9-90d2-0e7279947007}</UniqueIdentifier>
    </Filter>
    <Filter Include="Sources\Component\Transform">
      <UniqueIdentifier>{1a291602-27ed-4b83-b9e9-dce39d11a13e}</UniqueIdentifier>
    </Filter>
    <Filter Include="Sources\Component\Renderer">
      <UniqueIdentifier>{6d769bf5-6e38-4961-aabb-e3b41a4bf188}</UniqueIdentifier>
    </Filter>
    <Filter Include="Sources\Component\Character">
      <UniqueIdentifier>{c8c278e5-2c5c-4611-b1b1-b37e14a06a67}</UniqueIdentifier>
    </Filter>
    <Filter Include="Sources\Component\Camera">
      <UniqueIdentifier>{b1820c31-106f-49e7-b4f9-c481fdcd9e5d}</UniqueIdentifier>
    </Filter>
    <Filter Include="Sources\Communicate">
      <UniqueIdentifier>{73ae351a-8c6e-4ce6-896b-2b491aeb7b5d}</UniqueIdentifier>
    </Filter>
    <Filter Include="Sources\Communicate\Server">
      <UniqueIdentifier>{b8e49646-0d28-4dfb-bc4c-ea2b10e1c3f3}</UniqueIdentifier>
    </Filter>
    <Filter Include="Sources\Communicate\Client">
      <UniqueIdentifier>{53ca930b-e9ec-4aae-85ca-16f572ad1627}</UniqueIdentifier>
    </Filter>
    <Filter Include="HLSL\3D">
      <UniqueIdentifier>{3aac3ad0-3f4d-45cb-8e62-090c6def2e11}</UniqueIdentifier>
    </Filter>
    <Filter Include="HLSL\3D\Default3D">
      <UniqueIdentifier>{c4b1e54f-1ff4-4b43-ba4e-61402fd015b8}</UniqueIdentifier>
    </Filter>
    <Filter Include="Sources\Component\Light">
      <UniqueIdentifier>{3c0cdf65-8b19-4f08-91a7-bf997aa23ede}</UniqueIdentifier>
    </Filter>
    <Filter Include="Sources\Component\Collider">
      <UniqueIdentifier>{64dcdef5-5e8f-4f49-b5d1-24a559a6b378}</UniqueIdentifier>
    </Filter>
    <Filter Include="Sources\AI">
      <UniqueIdentifier>{47246b30-c3ac-4d1e-8190-5d0247185a3b}</UniqueIdentifier>
    </Filter>
  </ItemGroup>
  <ItemGroup>
    <ClCompile Include="Lib\imgui\imgui.cpp">
      <Filter>imgui</Filter>
    </ClCompile>
    <ClCompile Include="Lib\imgui\imgui_demo.cpp">
      <Filter>imgui</Filter>
    </ClCompile>
    <ClCompile Include="Lib\imgui\imgui_draw.cpp">
      <Filter>imgui</Filter>
    </ClCompile>
    <ClCompile Include="Lib\imgui\imgui_impl_dx11.cpp">
      <Filter>imgui</Filter>
    </ClCompile>
    <ClCompile Include="Lib\imgui\imgui_impl_win32.cpp">
      <Filter>imgui</Filter>
    </ClCompile>
    <ClCompile Include="Lib\imgui\imgui_ja_gryph_ranges.cpp">
      <Filter>imgui</Filter>
    </ClCompile>
    <ClCompile Include="Lib\imgui\imgui_tables.cpp">
      <Filter>imgui</Filter>
    </ClCompile>
    <ClCompile Include="Lib\imgui\imgui_widgets.cpp">
      <Filter>imgui</Filter>
    </ClCompile>
    <ClCompile Include="SourceCode\Communication\client.cpp">
      <Filter>Sources\Communicate\Client</Filter>
    </ClCompile>
    <ClCompile Include="SourceCode\Communication\client_multicast.cpp">
      <Filter>Sources\Communicate\Client</Filter>
    </ClCompile>
    <ClCompile Include="SourceCode\Communication\client_server_structure.cpp">
      <Filter>Sources\Communicate\Client</Filter>
    </ClCompile>
    <ClCompile Include="SourceCode\Communication\client_tcp.cpp">
      <Filter>Sources\Communicate\Client</Filter>
    </ClCompile>
    <ClCompile Include="SourceCode\Communication\client_udp.cpp">
      <Filter>Sources\Communicate\Client</Filter>
    </ClCompile>
    <ClCompile Include="SourceCode\Communication\server.cpp">
      <Filter>Sources\Communicate\Server</Filter>
    </ClCompile>
    <ClCompile Include="SourceCode\Communication\server_multicast.cpp">
      <Filter>Sources\Communicate\Server</Filter>
    </ClCompile>
    <ClCompile Include="SourceCode\Communication\server_tcp.cpp">
      <Filter>Sources\Communicate\Server</Filter>
    </ClCompile>
    <ClCompile Include="SourceCode\Communication\server_udp.cpp">
      <Filter>Sources\Communicate\Server</Filter>
    </ClCompile>
    <ClCompile Include="SourceCode\Communication\p2p_structure.cpp">
      <Filter>Sources\Communicate</Filter>
    </ClCompile>
    <ClCompile Include="SourceCode\Stdafx.cpp">
      <Filter>Sources\System</Filter>
    </ClCompile>
    <ClCompile Include="SourceCode\Scene\SceneCommunicate.cpp">
      <Filter>Sources\Scene</Filter>
    </ClCompile>
    <ClCompile Include="SourceCode\Scene\SceneGame.cpp">
      <Filter>Sources\Scene</Filter>
    </ClCompile>
    <ClCompile Include="SourceCode\Scene\SceneLoading.cpp">
      <Filter>Sources\Scene</Filter>
    </ClCompile>
    <ClCompile Include="SourceCode\Scene\SceneManager.cpp">
      <Filter>Sources\Scene</Filter>
    </ClCompile>
    <ClCompile Include="SourceCode\Scene\SceneTest.cpp">
      <Filter>Sources\Scene</Filter>
    </ClCompile>
    <ClCompile Include="SourceCode\Scene\SceneTitle.cpp">
      <Filter>Sources\Scene</Filter>
    </ClCompile>
    <ClCompile Include="SourceCode\System\Console.cpp">
      <Filter>Sources\System</Filter>
    </ClCompile>
    <ClCompile Include="SourceCode\System\CreateShader.cpp">
      <Filter>Sources\System</Filter>
    </ClCompile>
    <ClCompile Include="SourceCode\System\Framework.cpp">
      <Filter>Sources\System</Filter>
    </ClCompile>
    <ClCompile Include="SourceCode\System\GamePad.cpp">
      <Filter>Sources\System</Filter>
    </ClCompile>
    <ClCompile Include="SourceCode\System\Main.cpp">
      <Filter>Sources\System</Filter>
    </ClCompile>
    <ClCompile Include="SourceCode\System\ResourceManager.cpp">
      <Filter>Sources\System</Filter>
    </ClCompile>
    <ClCompile Include="SourceCode\System\SystemManager.cpp">
      <Filter>Sources\System</Filter>
    </ClCompile>
    <ClCompile Include="SourceCode\System\Texture.cpp">
      <Filter>Sources\System</Filter>
    </ClCompile>
    <ClCompile Include="SourceCode\GameObject\CameraController.cpp">
      <Filter>Sources\GameObject</Filter>
    </ClCompile>
    <ClCompile Include="SourceCode\GameObject\GameObject.cpp">
      <Filter>Sources\GameObject</Filter>
    </ClCompile>
    <ClCompile Include="SourceCode\Component\Component.cpp">
      <Filter>Sources\Component</Filter>
    </ClCompile>
    <ClCompile Include="SourceCode\Component\Camera.cpp">
      <Filter>Sources\Component\Camera</Filter>
    </ClCompile>
    <ClCompile Include="SourceCode\Component\CameraData.cpp">
      <Filter>Sources\Component\Camera</Filter>
    </ClCompile>
    <ClCompile Include="SourceCode\Component\Player.cpp">
      <Filter>Sources\Component\Character</Filter>
    </ClCompile>
    <ClCompile Include="SourceCode\Component\PlayerStates.cpp">
      <Filter>Sources\Component\Character</Filter>
    </ClCompile>
    <ClCompile Include="SourceCode\Component\DirectionLight.cpp">
      <Filter>Sources\Component\Light</Filter>
    </ClCompile>
    <ClCompile Include="SourceCode\Component\ModelData.cpp">
      <Filter>Sources\Component\Renderer</Filter>
    </ClCompile>
    <ClCompile Include="SourceCode\Component\ModelRenderer.cpp">
      <Filter>Sources\Component\Renderer</Filter>
    </ClCompile>
    <ClCompile Include="SourceCode\Component\SpriteData.cpp">
      <Filter>Sources\Component\Renderer</Filter>
    </ClCompile>
    <ClCompile Include="SourceCode\Component\SpriteRenderer.cpp">
      <Filter>Sources\Component\Renderer</Filter>
    </ClCompile>
    <ClCompile Include="SourceCode\Component\Transform.cpp">
      <Filter>Sources\Component\Transform</Filter>
    </ClCompile>
    <ClCompile Include="SourceCode\Component\Enemy.cpp">
      <Filter>Sources\Component\Character</Filter>
    </ClCompile>
    <ClCompile Include="SourceCode\AI\ActionDerived.cpp">
      <Filter>Sources\AI</Filter>
    </ClCompile>
    <ClCompile Include="SourceCode\AI\BehaviorData.cpp">
      <Filter>Sources\AI</Filter>
    </ClCompile>
    <ClCompile Include="SourceCode\AI\BehaviorTree.cpp">
      <Filter>Sources\AI</Filter>
    </ClCompile>
    <ClCompile Include="SourceCode\AI\JudgmentDerived.cpp">
      <Filter>Sources\AI</Filter>
    </ClCompile>
    <ClCompile Include="SourceCode\AI\NodeBase.cpp">
      <Filter>Sources\AI</Filter>
    </ClCompile>
    <ClCompile Include="SourceCode\System\PhysicsFunction.cpp">
      <Filter>Sources\System</Filter>
    </ClCompile>
    <ClCompile Include="SourceCode\Component\SphereCollider.cpp">
      <Filter>Sources\Component\Collider</Filter>
    </ClCompile>
    <ClCompile Include="SourceCode\Component\SphereMeshRenderer.cpp">
      <Filter>Sources\Component\Renderer</Filter>
    </ClCompile>
    <ClCompile Include="SourceCode\Component\PrimitiveMeshRenderer.cpp">
      <Filter>Sources\Component\Renderer</Filter>
    </ClCompile>
    <ClCompile Include="SourceCode\System\CollideManager.cpp">
      <Filter>Sources\System</Filter>
    </ClCompile>
    <ClCompile Include="SourceCode\Component\RigidBody.cpp">
      <Filter>Sources\Component\Transform</Filter>
    </ClCompile>
    <ClCompile Include="SourceCode\Component\Collider.cpp">
      <Filter>Sources\Component\Collider</Filter>
    </ClCompile>
    <ClCompile Include="SourceCode\Component\CapsuleMeshRenderer.cpp">
      <Filter>Sources\Component\Renderer</Filter>
    </ClCompile>
    <ClCompile Include="SourceCode\Component\CapsuleCollider.cpp">
      <Filter>Sources\Component\Collider</Filter>
    </ClCompile>
    <ClCompile Include="SourceCode\GameObject\Health.cpp">
      <Filter>Sources\GameObject</Filter>
    </ClCompile>
  </ItemGroup>
  <ItemGroup>
    <ClInclude Include="Lib\imgui\imconfig.h">
      <Filter>imgui</Filter>
    </ClInclude>
    <ClInclude Include="Lib\imgui\imgui.h">
      <Filter>imgui</Filter>
    </ClInclude>
    <ClInclude Include="Lib\imgui\imgui_impl_dx11.h">
      <Filter>imgui</Filter>
    </ClInclude>
    <ClInclude Include="Lib\imgui\imgui_impl_win32.h">
      <Filter>imgui</Filter>
    </ClInclude>
    <ClInclude Include="Lib\imgui\imgui_internal.h">
      <Filter>imgui</Filter>
    </ClInclude>
    <ClInclude Include="Lib\imgui\imstb_rectpack.h">
      <Filter>imgui</Filter>
    </ClInclude>
    <ClInclude Include="Lib\imgui\imstb_textedit.h">
      <Filter>imgui</Filter>
    </ClInclude>
    <ClInclude Include="Lib\imgui\imstb_truetype.h">
      <Filter>imgui</Filter>
    </ClInclude>
    <ClInclude Include="SourceCode\Communication\client.h">
      <Filter>Sources\Communicate\Client</Filter>
    </ClInclude>
    <ClInclude Include="SourceCode\Communication\client_multicast.h">
      <Filter>Sources\Communicate\Client</Filter>
    </ClInclude>
    <ClInclude Include="SourceCode\Communication\client_server_structure.h">
      <Filter>Sources\Communicate\Client</Filter>
    </ClInclude>
    <ClInclude Include="SourceCode\Communication\client_tcp.h">
      <Filter>Sources\Communicate\Client</Filter>
    </ClInclude>
    <ClInclude Include="SourceCode\Communication\client_udp.h">
      <Filter>Sources\Communicate\Client</Filter>
    </ClInclude>
    <ClInclude Include="SourceCode\Communication\server.h">
      <Filter>Sources\Communicate\Server</Filter>
    </ClInclude>
    <ClInclude Include="SourceCode\Communication\server_multicast.h">
      <Filter>Sources\Communicate\Server</Filter>
    </ClInclude>
    <ClInclude Include="SourceCode\Communication\server_tcp.h">
      <Filter>Sources\Communicate\Server</Filter>
    </ClInclude>
    <ClInclude Include="SourceCode\Communication\server_udp.h">
      <Filter>Sources\Communicate\Server</Filter>
    </ClInclude>
    <ClInclude Include="SourceCode\Communication\network_function.h">
      <Filter>Sources\Communicate</Filter>
    </ClInclude>
    <ClInclude Include="SourceCode\Communication\p2p_structure.h">
      <Filter>Sources\Communicate</Filter>
    </ClInclude>
    <ClInclude Include="SourceCode\Stdafx.h">
      <Filter>Sources\System</Filter>
    </ClInclude>
    <ClInclude Include="SourceCode\Scene\Scene.h">
      <Filter>Sources\Scene</Filter>
    </ClInclude>
    <ClInclude Include="SourceCode\Scene\SceneCommunicate.h">
      <Filter>Sources\Scene</Filter>
    </ClInclude>
    <ClInclude Include="SourceCode\Scene\SceneGame.h">
      <Filter>Sources\Scene</Filter>
    </ClInclude>
    <ClInclude Include="SourceCode\Scene\SceneLoading.h">
      <Filter>Sources\Scene</Filter>
    </ClInclude>
    <ClInclude Include="SourceCode\Scene\SceneManager.h">
      <Filter>Sources\Scene</Filter>
    </ClInclude>
    <ClInclude Include="SourceCode\Scene\SceneTest.h">
      <Filter>Sources\Scene</Filter>
    </ClInclude>
    <ClInclude Include="SourceCode\Scene\SceneTitle.h">
      <Filter>Sources\Scene</Filter>
    </ClInclude>
    <ClInclude Include="SourceCode\System\Common.h">
      <Filter>Sources\System</Filter>
    </ClInclude>
    <ClInclude Include="SourceCode\System\Console.h">
      <Filter>Sources\System</Filter>
    </ClInclude>
    <ClInclude Include="SourceCode\System\ConstantBuffer.h">
      <Filter>Sources\System</Filter>
    </ClInclude>
    <ClInclude Include="SourceCode\System\CreateShader.h">
      <Filter>Sources\System</Filter>
    </ClInclude>
    <ClInclude Include="SourceCode\System\easing.h">
      <Filter>Sources\System</Filter>
    </ClInclude>
    <ClInclude Include="SourceCode\System\Framework.h">
      <Filter>Sources\System</Filter>
    </ClInclude>
    <ClInclude Include="SourceCode\System\GamePad.h">
      <Filter>Sources\System</Filter>
    </ClInclude>
    <ClInclude Include="SourceCode\System\HighResolutionTimer.h">
      <Filter>Sources\System</Filter>
    </ClInclude>
    <ClInclude Include="SourceCode\System\Misc.h">
      <Filter>Sources\System</Filter>
    </ClInclude>
    <ClInclude Include="SourceCode\System\PoolAllocator.h">
      <Filter>Sources\System</Filter>
    </ClInclude>
    <ClInclude Include="SourceCode\System\ResourceManager.h">
      <Filter>Sources\System</Filter>
    </ClInclude>
    <ClInclude Include="SourceCode\System\SystemManager.h">
      <Filter>Sources\System</Filter>
    </ClInclude>
    <ClInclude Include="SourceCode\System\Texture.h">
      <Filter>Sources\System</Filter>
    </ClInclude>
    <ClInclude Include="SourceCode\System\UserFunction.h">
      <Filter>Sources\System</Filter>
    </ClInclude>
    <ClInclude Include="SourceCode\GameObject\CameraController.h">
      <Filter>Sources\GameObject</Filter>
    </ClInclude>
    <ClInclude Include="SourceCode\GameObject\GameObject.h">
      <Filter>Sources\GameObject</Filter>
    </ClInclude>
    <ClInclude Include="SourceCode\Component\Component.h">
      <Filter>Sources\Component</Filter>
    </ClInclude>
    <ClInclude Include="SourceCode\Component\Camera.h">
      <Filter>Sources\Component\Camera</Filter>
    </ClInclude>
    <ClInclude Include="SourceCode\Component\CameraData.h">
      <Filter>Sources\Component\Camera</Filter>
    </ClInclude>
    <ClInclude Include="SourceCode\Component\Player.h">
      <Filter>Sources\Component\Character</Filter>
    </ClInclude>
    <ClInclude Include="SourceCode\Component\PlayerStates.h">
      <Filter>Sources\Component\Character</Filter>
    </ClInclude>
    <ClInclude Include="SourceCode\Component\DirectionLight.h">
      <Filter>Sources\Component\Light</Filter>
    </ClInclude>
    <ClInclude Include="SourceCode\Component\ModelData.h">
      <Filter>Sources\Component\Renderer</Filter>
    </ClInclude>
    <ClInclude Include="SourceCode\Component\ModelRenderer.h">
      <Filter>Sources\Component\Renderer</Filter>
    </ClInclude>
    <ClInclude Include="SourceCode\Component\SpriteData.h">
      <Filter>Sources\Component\Renderer</Filter>
    </ClInclude>
    <ClInclude Include="SourceCode\Component\SpriteRenderer.h">
      <Filter>Sources\Component\Renderer</Filter>
    </ClInclude>
    <ClInclude Include="SourceCode\Component\Transform.h">
      <Filter>Sources\Component\Transform</Filter>
    </ClInclude>
    <ClInclude Include="SourceCode\Component\Enemy.h">
      <Filter>Sources\Component\Character</Filter>
    </ClInclude>
    <ClInclude Include="SourceCode\AI\ActionBase.h">
      <Filter>Sources\AI</Filter>
    </ClInclude>
    <ClInclude Include="SourceCode\AI\ActionDerived.h">
      <Filter>Sources\AI</Filter>
    </ClInclude>
    <ClInclude Include="SourceCode\AI\BehaviorData.h">
      <Filter>Sources\AI</Filter>
    </ClInclude>
    <ClInclude Include="SourceCode\AI\BehaviorTree.h">
      <Filter>Sources\AI</Filter>
    </ClInclude>
    <ClInclude Include="SourceCode\AI\JudgementBase.h">
      <Filter>Sources\AI</Filter>
    </ClInclude>
    <ClInclude Include="SourceCode\AI\JudgmentDerived.h">
      <Filter>Sources\AI</Filter>
    </ClInclude>
    <ClInclude Include="SourceCode\AI\NodeBase.h">
      <Filter>Sources\AI</Filter>
    </ClInclude>
    <ClInclude Include="SourceCode\System\PhysicsFunction.h">
      <Filter>Sources\System</Filter>
    </ClInclude>
    <ClInclude Include="SourceCode\Component\Collider.h">
      <Filter>Sources\Component\Collider</Filter>
    </ClInclude>
    <ClInclude Include="SourceCode\Component\SphereCollider.h">
      <Filter>Sources\Component\Collider</Filter>
    </ClInclude>
    <ClInclude Include="SourceCode\Component\SphereMeshRenderer.h">
      <Filter>Sources\Component\Renderer</Filter>
    </ClInclude>
    <ClInclude Include="SourceCode\Component\PrimitiveMeshRenderer.h">
      <Filter>Sources\Component\Renderer</Filter>
    </ClInclude>
    <ClInclude Include="SourceCode\System\CollideManager.h">
      <Filter>Sources\System</Filter>
    </ClInclude>
    <ClInclude Include="SourceCode\Component\RigidBody.h">
      <Filter>Sources\Component\Transform</Filter>
    </ClInclude>
    <ClInclude Include="SourceCode\Component\CapsuleMeshRenderer.h">
      <Filter>Sources\Component\Renderer</Filter>
    </ClInclude>
    <ClInclude Include="SourceCode\Component\CapsuleCollider.h">
      <Filter>Sources\Component\Collider</Filter>
    </ClInclude>
    <ClInclude Include="SourceCode\GameObject\Health.h">
      <Filter>Sources\GameObject</Filter>
    </ClInclude>
  </ItemGroup>
  <ItemGroup>
    <FxCompile Include="hlsl\2D_PS.hlsl">
      <Filter>HLSL\2D\Default2D</Filter>
    </FxCompile>
    <FxCompile Include="hlsl\2D_VS.hlsl">
      <Filter>HLSL\2D\Default2D</Filter>
    </FxCompile>
    <FxCompile Include="HLSL\DebugPrimitive_PS.hlsl">
      <Filter>HLSL\DebugPrimitive</Filter>
    </FxCompile>
    <FxCompile Include="HLSL\DebugPrimitive_VS.hlsl">
      <Filter>HLSL\DebugPrimitive</Filter>
    </FxCompile>
    <FxCompile Include="HLSL\Font_PS.hlsl">
      <Filter>HLSL\Font</Filter>
    </FxCompile>
    <FxCompile Include="HLSL\Font_VS.hlsl">
      <Filter>HLSL\Font</Filter>
    </FxCompile>
    <FxCompile Include="hlsl\3D_VS.hlsl">
      <Filter>HLSL\3D\Default3D</Filter>
    </FxCompile>
    <FxCompile Include="HLSL\3D_PS.hlsl">
      <Filter>HLSL\3D\Default3D</Filter>
    </FxCompile>
  </ItemGroup>
  <ItemGroup>
    <None Include="hlsl\2D.hlsli">
      <Filter>HLSL\2D\Default2D</Filter>
    </None>
    <None Include="hlsl\ShadingFunctions.hlsli">
      <Filter>HLSL</Filter>
    </None>
    <None Include="HLSL\Light.hlsli">
      <Filter>HLSL</Filter>
    </None>
    <None Include="HLSL\ConstantBuffers.hlsli">
      <Filter>HLSL</Filter>
    </None>
    <None Include="HLSL\DebugPrimitive.hlsli">
      <Filter>HLSL\DebugPrimitive</Filter>
    </None>
    <None Include="HLSL\Font.hlsli">
      <Filter>HLSL\Font</Filter>
    </None>
    <None Include="hlsl\3D.hlsli">
      <Filter>HLSL\3D\Default3D</Filter>
    </None>
  </ItemGroup>
</Project>